# This file is generated by running "yarn install" inside your project.
# Manual changes might be lost - proceed with caution!

__metadata:
  version: 8
  cacheKey: 10c0

"@gmod/bam@npm:^2.0.0":
  version: 2.0.0
  resolution: "@gmod/bam@npm:2.0.0"
  dependencies:
    "@gmod/bgzf-filehandle": "npm:^1.4.4"
    abortable-promise-cache: "npm:^1.5.0"
    buffer-crc32: "npm:^0.2.13"
    generic-filehandle: "npm:^3.0.0"
    long: "npm:^4.0.0"
    quick-lru: "npm:^4.0.0"
  checksum: b45c8ea92cf26a714ae92fde3e86ad9012f55d83aa4dad5c2518eccde9e357343dc88c0aa321c0b9185eede670b25c72d9be756344d754c367788a966f933479
  languageName: node
  linkType: hard

"@gmod/bgzf-filehandle@npm:^1.4.4":
  version: 1.4.7
  resolution: "@gmod/bgzf-filehandle@npm:1.4.7"
  dependencies:
    es6-promisify: "npm:^7.0.0"
    generic-filehandle: "npm:^3.0.0"
    long: "npm:^4.0.0"
    pako: "npm:^1.0.11"
  checksum: 0e39b37f9806fdfdee13c11b7a174292c55a41b9cea8e7b25eff1195a8926df6016d732cab14fcca0e70e38a68345076cff5f952b5e4ac42ccd72763a9f58f77
  languageName: node
  linkType: hard

"abortable-promise-cache@npm:^1.5.0":
  version: 1.5.0
  resolution: "abortable-promise-cache@npm:1.5.0"
  dependencies:
    abortcontroller-polyfill: "npm:^1.2.9"
  checksum: fb330bf6612dcda00a05ca72a464c7847438a9dd32151f0e6b02372e9bbb57e83e2fc2c01a5bf4d7c4267a772fc1978240eb3ad45d664b4b39fef71618946ae6
  languageName: node
  linkType: hard

"abortcontroller-polyfill@npm:^1.2.9":
  version: 1.7.5
  resolution: "abortcontroller-polyfill@npm:1.7.5"
  checksum: d7a5ab6fda4f9a54f22ddeb233a2564d2f4f857ec17be25fee21a91bb5090bee57c630c454634b5c4b93fc06bd90d592d1f2fc69f77cd28791ac0fe361feb7d2
  languageName: node
  linkType: hard

"buffer-crc32@npm:^0.2.13":
  version: 0.2.13
  resolution: "buffer-crc32@npm:0.2.13"
  checksum: cb0a8ddf5cf4f766466db63279e47761eb825693eeba6a5a95ee4ec8cb8f81ede70aa7f9d8aeec083e781d47154290eb5d4d26b3f7a465ec57fb9e7d59c47150
  languageName: node
  linkType: hard

"busboy@npm:^1.6.0":
  version: 1.6.0
  resolution: "busboy@npm:1.6.0"
  dependencies:
    streamsearch: "npm:^1.1.0"
  checksum: fa7e836a2b82699b6e074393428b91ae579d4f9e21f5ac468e1b459a244341d722d2d22d10920cdd849743dbece6dca11d72de939fb75a7448825cf2babfba1f
  languageName: node
  linkType: hard

"clarity_trasporter@workspace:.":
  version: 0.0.0-use.local
  resolution: "clarity_trasporter@workspace:."
  dependencies:
    "@gmod/bam": "npm:^2.0.0"
    busboy: "npm:^1.6.0"
  languageName: unknown
  linkType: soft

"es6-promisify@npm:^6.1.1":
  version: 6.1.1
  resolution: "es6-promisify@npm:6.1.1"
  checksum: 2c1f68c28f0dc81d15f832ea02ea052f335d72c7600ba93f6df3a25dc7b7fd839d522f814a79470c71a3b45a730f96070024ec38c0ed55e74ba294391ab6ee5a
  languageName: node
  linkType: hard

"es6-promisify@npm:^7.0.0":
  version: 7.0.0
  resolution: "es6-promisify@npm:7.0.0"
  checksum: 2d71b098a9bff9802cdb5cd9f4079d13d31236a2ed4753230c3099edff2c0f34b280fcf7ce814e0ff30713dfb25dd888d1eb2ac50a8f1e26ceae04d66d51c4f4
  languageName: node
  linkType: hard

"generic-filehandle@npm:^3.0.0":
  version: 3.1.1
  resolution: "generic-filehandle@npm:3.1.1"
  dependencies:
    es6-promisify: "npm:^6.1.1"
  checksum: 3fc0e243eccddc0a47155309a9ba826a78b77e7ed02d8cb0055ac367310c66291e3d8f5e272d14635e6752e92be131336b68b1a0243854c7c4824d1a05cf277b
  languageName: node
  linkType: hard

"long@npm:^4.0.0":
  version: 4.0.0
  resolution: "long@npm:4.0.0"
  checksum: 50a6417d15b06104dbe4e3d4a667c39b137f130a9108ea8752b352a4cfae047531a3ac351c181792f3f8768fe17cca6b0f406674a541a86fb638aaac560d83ed
  languageName: node
  linkType: hard

"pako@npm:^1.0.11":
  version: 1.0.11
  resolution: "pako@npm:1.0.11"
  checksum: 86dd99d8b34c3930345b8bbeb5e1cd8a05f608eeb40967b293f72fe469d0e9c88b783a8777e4cc7dc7c91ce54c5e93d88ff4b4f060e6ff18408fd21030d9ffbe
  languageName: node
  linkType: hard

"quick-lru@npm:^4.0.0":
  version: 4.0.1
  resolution: "quick-lru@npm:4.0.1"
  checksum: f9b1596fa7595a35c2f9d913ac312fede13d37dc8a747a51557ab36e11ce113bbe88ef4c0154968845559a7709cb6a7e7cbe75f7972182451cd45e7f057a334d
  languageName: node
  linkType: hard

"streamsearch@npm:^1.1.0":
  version: 1.1.0
  resolution: "streamsearch@npm:1.1.0"
  checksum: fbd9aecc2621364384d157f7e59426f4bfd385e8b424b5aaa79c83a6f5a1c8fd2e4e3289e95de1eb3511cb96bb333d6281a9919fafce760e4edb35b2cd2facab
  languageName: node
  linkType: hard
